
Microsoft Visual Studio Solution File, Format Version 12.00
# Visual Studio Version 17
VisualStudioVersion = 17.0.31903.59
MinimumVisualStudioVersion = 10.0.40219.1
Project("{FAE04EC0-301F-11D3-BF4B-00C04F79EFBC}") = "Feedback.Api", "Feedback.Api\Feedback.Api.csproj", "{26A8230F-725B-4E8E-A7AF-7CC6501CC7EF}"
EndProject
Project("{FAE04EC0-301F-11D3-BF4B-00C04F79EFBC}") = "Feedback.RazorPages", "Feedback.RazorPages\Feedback.RazorPages.csproj", "{E528CE3F-AC92-49AD-B186-7613BF34A1D0}"
EndProject
Global
	GlobalSection(SolutionConfigurationPlatforms) = preSolution
		Debug|Any CPU = Debug|Any CPU
		Release|Any CPU = Release|Any CPU
	EndGlobalSection
	GlobalSection(SolutionProperties) = preSolution
		HideSolutionNode = FALSE
	EndGlobalSection
	GlobalSection(ProjectConfigurationPlatforms) = postSolution
		{26A8230F-725B-4E8E-A7AF-7CC6501CC7EF}.Debug|Any CPU.ActiveCfg = Debug|Any CPU
		{26A8230F-725B-4E8E-A7AF-7CC6501CC7EF}.Debug|Any CPU.Build.0 = Debug|Any CPU
		{26A8230F-725B-4E8E-A7AF-7CC6501CC7EF}.Release|Any CPU.ActiveCfg = Release|Any CPU
		{26A8230F-725B-4E8E-A7AF-7CC6501CC7EF}.Release|Any CPU.Build.0 = Release|Any CPU
		{E528CE3F-AC92-49AD-B186-7613BF34A1D0}.Debug|Any CPU.ActiveCfg = Debug|Any CPU
		{E528CE3F-AC92-49AD-B186-7613BF34A1D0}.Debug|Any CPU.Build.0 = Debug|Any CPU
		{E528CE3F-AC92-49AD-B186-7613BF34A1D0}.Release|Any CPU.ActiveCfg = Release|Any CPU
		{E528CE3F-AC92-49AD-B186-7613BF34A1D0}.Release|Any CPU.Build.0 = Release|Any CPU
	EndGlobalSection
EndGlobal
